
Microsoft Visual Studio Solution File, Format Version 12.00
# Visual Studio Version 16
VisualStudioVersion = 16.0.28803.202
MinimumVisualStudioVersion = 10.0.40219.1
Project("{FAE04EC0-301F-11D3-BF4B-00C04F79EFBC}") = "GoodreadsApp.Web", "GoodreadsApp.Web\GoodreadsApp.Web.csproj", "{DB600A91-6FE6-4D26-B9A3-6499B1AF9878}"
EndProject
Project("{FAE04EC0-301F-11D3-BF4B-00C04F79EFBC}") = "GoodreadsApp.Android", "GoodreadsApp\GoodreadsApp.Android\GoodreadsApp.Android.csproj", "{AC6B2E47-A2D2-4D90-9674-00D6124805BF}"
EndProject
Project("{FAE04EC0-301F-11D3-BF4B-00C04F79EFBC}") = "GoodreadsApp.iOS", "GoodreadsApp\GoodreadsApp.iOS\GoodreadsApp.iOS.csproj", "{86571182-966E-4AD7-92BC-FB99D71B93BB}"
EndProject
Project("{FAE04EC0-301F-11D3-BF4B-00C04F79EFBC}") = "GoodreadsApp", "GoodreadsApp\GoodreadsApp\GoodreadsApp.csproj", "{19934846-90D7-4BDA-9F1E-2B2E85CB68F0}"
EndProject
Global
	GlobalSection(SolutionConfigurationPlatforms) = preSolution
		Debug|Any CPU = Debug|Any CPU
		Debug|iPhone = Debug|iPhone
		Debug|iPhoneSimulator = Debug|iPhoneSimulator
		Release|Any CPU = Release|Any CPU
		Release|iPhone = Release|iPhone
		Release|iPhoneSimulator = Release|iPhoneSimulator
	EndGlobalSection
	GlobalSection(ProjectConfigurationPlatforms) = postSolution
		{DB600A91-6FE6-4D26-B9A3-6499B1AF9878}.Debug|Any CPU.ActiveCfg = Debug|Any CPU
		{DB600A91-6FE6-4D26-B9A3-6499B1AF9878}.Debug|Any CPU.Build.0 = Debug|Any CPU
		{DB600A91-6FE6-4D26-B9A3-6499B1AF9878}.Debug|iPhone.ActiveCfg = Debug|Any CPU
		{DB600A91-6FE6-4D26-B9A3-6499B1AF9878}.Debug|iPhone.Build.0 = Debug|Any CPU
		{DB600A91-6FE6-4D26-B9A3-6499B1AF9878}.Debug|iPhoneSimulator.ActiveCfg = Debug|Any CPU
		{DB600A91-6FE6-4D26-B9A3-6499B1AF9878}.Debug|iPhoneSimulator.Build.0 = Debug|Any CPU
		{DB600A91-6FE6-4D26-B9A3-6499B1AF9878}.Release|Any CPU.ActiveCfg = Release|Any CPU
		{DB600A91-6FE6-4D26-B9A3-6499B1AF9878}.Release|Any CPU.Build.0 = Release|Any CPU
		{DB600A91-6FE6-4D26-B9A3-6499B1AF9878}.Release|iPhone.ActiveCfg = Release|Any CPU
		{DB600A91-6FE6-4D26-B9A3-6499B1AF9878}.Release|iPhone.Build.0 = Release|Any CPU
		{DB600A91-6FE6-4D26-B9A3-6499B1AF9878}.Release|iPhoneSimulator.ActiveCfg = Release|Any CPU
		{DB600A91-6FE6-4D26-B9A3-6499B1AF9878}.Release|iPhoneSimulator.Build.0 = Release|Any CPU
		{AC6B2E47-A2D2-4D90-9674-00D6124805BF}.Debug|Any CPU.ActiveCfg = Debug|Any CPU
		{AC6B2E47-A2D2-4D90-9674-00D6124805BF}.Debug|Any CPU.Build.0 = Debug|Any CPU
		{AC6B2E47-A2D2-4D90-9674-00D6124805BF}.Debug|Any CPU.Deploy.0 = Debug|Any CPU
		{AC6B2E47-A2D2-4D90-9674-00D6124805BF}.Debug|iPhone.ActiveCfg = Debug|Any CPU
		{AC6B2E47-A2D2-4D90-9674-00D6124805BF}.Debug|iPhone.Build.0 = Debug|Any CPU
		{AC6B2E47-A2D2-4D90-9674-00D6124805BF}.Debug|iPhone.Deploy.0 = Debug|Any CPU
		{AC6B2E47-A2D2-4D90-9674-00D6124805BF}.Debug|iPhoneSimulator.ActiveCfg = Debug|Any CPU
		{AC6B2E47-A2D2-4D90-9674-00D6124805BF}.Debug|iPhoneSimulator.Build.0 = Debug|Any CPU
		{AC6B2E47-A2D2-4D90-9674-00D6124805BF}.Debug|iPhoneSimulator.Deploy.0 = Debug|Any CPU
		{AC6B2E47-A2D2-4D90-9674-00D6124805BF}.Release|Any CPU.ActiveCfg = Release|Any CPU
		{AC6B2E47-A2D2-4D90-9674-00D6124805BF}.Release|Any CPU.Build.0 = Release|Any CPU
		{AC6B2E47-A2D2-4D90-9674-00D6124805BF}.Release|Any CPU.Deploy.0 = Release|Any CPU
		{AC6B2E47-A2D2-4D90-9674-00D6124805BF}.Release|iPhone.ActiveCfg = Release|Any CPU
		{AC6B2E47-A2D2-4D90-9674-00D6124805BF}.Release|iPhone.Build.0 = Release|Any CPU
		{AC6B2E47-A2D2-4D90-9674-00D6124805BF}.Release|iPhone.Deploy.0 = Release|Any CPU
		{AC6B2E47-A2D2-4D90-9674-00D6124805BF}.Release|iPhoneSimulator.ActiveCfg = Release|Any CPU
		{AC6B2E47-A2D2-4D90-9674-00D6124805BF}.Release|iPhoneSimulator.Build.0 = Release|Any CPU
		{AC6B2E47-A2D2-4D90-9674-00D6124805BF}.Release|iPhoneSimulator.Deploy.0 = Release|Any CPU
		{86571182-966E-4AD7-92BC-FB99D71B93BB}.Debug|Any CPU.ActiveCfg = Debug|iPhone
		{86571182-966E-4AD7-92BC-FB99D71B93BB}.Debug|iPhone.ActiveCfg = Debug|iPhone
		{86571182-966E-4AD7-92BC-FB99D71B93BB}.Debug|iPhone.Build.0 = Debug|iPhone
		{86571182-966E-4AD7-92BC-FB99D71B93BB}.Debug|iPhoneSimulator.ActiveCfg = Debug|iPhoneSimulator
		{86571182-966E-4AD7-92BC-FB99D71B93BB}.Debug|iPhoneSimulator.Build.0 = Debug|iPhoneSimulator
		{86571182-966E-4AD7-92BC-FB99D71B93BB}.Release|Any CPU.ActiveCfg = Release|iPhone
		{86571182-966E-4AD7-92BC-FB99D71B93BB}.Release|iPhone.ActiveCfg = Release|iPhone
		{86571182-966E-4AD7-92BC-FB99D71B93BB}.Release|iPhone.Build.0 = Release|iPhone
		{86571182-966E-4AD7-92BC-FB99D71B93BB}.Release|iPhoneSimulator.ActiveCfg = Release|iPhoneSimulator
		{86571182-966E-4AD7-92BC-FB99D71B93BB}.Release|iPhoneSimulator.Build.0 = Release|iPhoneSimulator
		{19934846-90D7-4BDA-9F1E-2B2E85CB68F0}.Debug|Any CPU.ActiveCfg = Debug|Any CPU
		{19934846-90D7-4BDA-9F1E-2B2E85CB68F0}.Debug|Any CPU.Build.0 = Debug|Any CPU
		{19934846-90D7-4BDA-9F1E-2B2E85CB68F0}.Debug|iPhone.ActiveCfg = Debug|Any CPU
		{19934846-90D7-4BDA-9F1E-2B2E85CB68F0}.Debug|iPhone.Build.0 = Debug|Any CPU
		{19934846-90D7-4BDA-9F1E-2B2E85CB68F0}.Debug|iPhoneSimulator.ActiveCfg = Debug|Any CPU
		{19934846-90D7-4BDA-9F1E-2B2E85CB68F0}.Debug|iPhoneSimulator.Build.0 = Debug|Any CPU
		{19934846-90D7-4BDA-9F1E-2B2E85CB68F0}.Release|Any CPU.ActiveCfg = Release|Any CPU
		{19934846-90D7-4BDA-9F1E-2B2E85CB68F0}.Release|Any CPU.Build.0 = Release|Any CPU
		{19934846-90D7-4BDA-9F1E-2B2E85CB68F0}.Release|iPhone.ActiveCfg = Release|Any CPU
		{19934846-90D7-4BDA-9F1E-2B2E85CB68F0}.Release|iPhone.Build.0 = Release|Any CPU
		{19934846-90D7-4BDA-9F1E-2B2E85CB68F0}.Release|iPhoneSimulator.ActiveCfg = Release|Any CPU
		{19934846-90D7-4BDA-9F1E-2B2E85CB68F0}.Release|iPhoneSimulator.Build.0 = Release|Any CPU
	EndGlobalSection
	GlobalSection(SolutionProperties) = preSolution
		HideSolutionNode = FALSE
	EndGlobalSection
	GlobalSection(ExtensibilityGlobals) = postSolution
		SolutionGuid = {BEEB0A3A-BF63-4190-952A-B59964ACED65}
	EndGlobalSection
EndGlobal
